
Microsoft Visual Studio Solution File, Format Version 12.00
# Visual Studio Version 17
VisualStudioVersion = 17.4.33122.133
MinimumVisualStudioVersion = 10.0.40219.1
Project("{8BC9CEB8-8B4A-11D0-8D11-00A0C91BC942}") = "Project1", "Project1\Project1.vcxproj", "{6877005C-86F1-41AA-AAF7-C3940B14A3AD}"
EndProject
Project("{8BC9CEB8-8B4A-11D0-8D11-00A0C91BC942}") = "Project2", "Project2\Project2.vcxproj", "{84433DCE-AAC6-41B6-A1E0-C3CDEA1F38C7}"
EndProject
Project("{8BC9CEB8-8B4A-11D0-8D11-00A0C91BC942}") = "Project3", "Project3\Project3.vcxproj", "{26B319D2-957A-4987-9004-CB72AF0B602B}"
EndProject
Project("{8BC9CEB8-8B4A-11D0-8D11-00A0C91BC942}") = "Project4", "Project4\Project4.vcxproj", "{C3CB0D21-1E73-4CFA-A1DD-16FEBAE8D01A}"
EndProject
Project("{8BC9CEB8-8B4A-11D0-8D11-00A0C91BC942}") = "Project5", "Project5\Project5.vcxproj", "{53332D57-A2AC-4490-A717-4067328B2B08}"
EndProject
Project("{8BC9CEB8-8B4A-11D0-8D11-00A0C91BC942}") = "Project6", "Project6\Project6.vcxproj", "{C84F1D90-6960-470D-993B-C38F3D6054D9}"
EndProject
Project("{8BC9CEB8-8B4A-11D0-8D11-00A0C91BC942}") = "Project7", "Project7\Project7.vcxproj", "{3C7AD3EE-7DDB-417B-9522-E961D2EC2E8B}"
EndProject
Global
	GlobalSection(SolutionConfigurationPlatforms) = preSolution
		Debug|x64 = Debug|x64
		Debug|x86 = Debug|x86
		Release|x64 = Release|x64
		Release|x86 = Release|x86
	EndGlobalSection
	GlobalSection(ProjectConfigurationPlatforms) = postSolution
		{6877005C-86F1-41AA-AAF7-C3940B14A3AD}.Debug|x64.ActiveCfg = Debug|x64
		{6877005C-86F1-41AA-AAF7-C3940B14A3AD}.Debug|x64.Build.0 = Debug|x64
		{6877005C-86F1-41AA-AAF7-C3940B14A3AD}.Debug|x86.ActiveCfg = Debug|Win32
		{6877005C-86F1-41AA-AAF7-C3940B14A3AD}.Debug|x86.Build.0 = Debug|Win32
		{6877005C-86F1-41AA-AAF7-C3940B14A3AD}.Release|x64.ActiveCfg = Release|x64
		{6877005C-86F1-41AA-AAF7-C3940B14A3AD}.Release|x64.Build.0 = Release|x64
		{6877005C-86F1-41AA-AAF7-C3940B14A3AD}.Release|x86.ActiveCfg = Release|Win32
		{6877005C-86F1-41AA-AAF7-C3940B14A3AD}.Release|x86.Build.0 = Release|Win32
		{84433DCE-AAC6-41B6-A1E0-C3CDEA1F38C7}.Debug|x64.ActiveCfg = Debug|x64
		{84433DCE-AAC6-41B6-A1E0-C3CDEA1F38C7}.Debug|x64.Build.0 = Debug|x64
		{84433DCE-AAC6-41B6-A1E0-C3CDEA1F38C7}.Debug|x86.ActiveCfg = Debug|Win32
		{84433DCE-AAC6-41B6-A1E0-C3CDEA1F38C7}.Debug|x86.Build.0 = Debug|Win32
		{84433DCE-AAC6-41B6-A1E0-C3CDEA1F38C7}.Release|x64.ActiveCfg = Release|x64
		{84433DCE-AAC6-41B6-A1E0-C3CDEA1F38C7}.Release|x64.Build.0 = Release|x64
		{84433DCE-AAC6-41B6-A1E0-C3CDEA1F38C7}.Release|x86.ActiveCfg = Release|Win32
		{84433DCE-AAC6-41B6-A1E0-C3CDEA1F38C7}.Release|x86.Build.0 = Release|Win32
		{26B319D2-957A-4987-9004-CB72AF0B602B}.Debug|x64.ActiveCfg = Debug|x64
		{26B319D2-957A-4987-9004-CB72AF0B602B}.Debug|x64.Build.0 = Debug|x64
		{26B319D2-957A-4987-9004-CB72AF0B602B}.Debug|x86.ActiveCfg = Debug|Win32
		{26B319D2-957A-4987-9004-CB72AF0B602B}.Debug|x86.Build.0 = Debug|Win32
		{26B319D2-957A-4987-9004-CB72AF0B602B}.Release|x64.ActiveCfg = Release|x64
		{26B319D2-957A-4987-9004-CB72AF0B602B}.Release|x64.Build.0 = Release|x64
		{26B319D2-957A-4987-9004-CB72AF0B602B}.Release|x86.ActiveCfg = Release|Win32
		{26B319D2-957A-4987-9004-CB72AF0B602B}.Release|x86.Build.0 = Release|Win32
		{C3CB0D21-1E73-4CFA-A1DD-16FEBAE8D01A}.Debug|x64.ActiveCfg = Debug|x64
		{C3CB0D21-1E73-4CFA-A1DD-16FEBAE8D01A}.Debug|x64.Build.0 = Debug|x64
		{C3CB0D21-1E73-4CFA-A1DD-16FEBAE8D01A}.Debug|x86.ActiveCfg = Debug|Win32
		{C3CB0D21-1E73-4CFA-A1DD-16FEBAE8D01A}.Debug|x86.Build.0 = Debug|Win32
		{C3CB0D21-1E73-4CFA-A1DD-16FEBAE8D01A}.Release|x64.ActiveCfg = Release|x64
		{C3CB0D21-1E73-4CFA-A1DD-16FEBAE8D01A}.Release|x64.Build.0 = Release|x64
		{C3CB0D21-1E73-4CFA-A1DD-16FEBAE8D01A}.Release|x86.ActiveCfg = Release|Win32
		{C3CB0D21-1E73-4CFA-A1DD-16FEBAE8D01A}.Release|x86.Build.0 = Release|Win32
		{53332D57-A2AC-4490-A717-4067328B2B08}.Debug|x64.ActiveCfg = Debug|x64
		{53332D57-A2AC-4490-A717-4067328B2B08}.Debug|x64.Build.0 = Debug|x64
		{53332D57-A2AC-4490-A717-4067328B2B08}.Debug|x86.ActiveCfg = Debug|Win32
		{53332D57-A2AC-4490-A717-4067328B2B08}.Debug|x86.Build.0 = Debug|Win32
		{53332D57-A2AC-4490-A717-4067328B2B08}.Release|x64.ActiveCfg = Release|x64
		{53332D57-A2AC-4490-A717-4067328B2B08}.Release|x64.Build.0 = Release|x64
		{53332D57-A2AC-4490-A717-4067328B2B08}.Release|x86.ActiveCfg = Release|Win32
		{53332D57-A2AC-4490-A717-4067328B2B08}.Release|x86.Build.0 = Release|Win32
		{C84F1D90-6960-470D-993B-C38F3D6054D9}.Debug|x64.ActiveCfg = Debug|x64
		{C84F1D90-6960-470D-993B-C38F3D6054D9}.Debug|x64.Build.0 = Debug|x64
		{C84F1D90-6960-470D-993B-C38F3D6054D9}.Debug|x86.ActiveCfg = Debug|Win32
		{C84F1D90-6960-470D-993B-C38F3D6054D9}.Debug|x86.Build.0 = Debug|Win32
		{C84F1D90-6960-470D-993B-C38F3D6054D9}.Release|x64.ActiveCfg = Release|x64
		{C84F1D90-6960-470D-993B-C38F3D6054D9}.Release|x64.Build.0 = Release|x64
		{C84F1D90-6960-470D-993B-C38F3D6054D9}.Release|x86.ActiveCfg = Release|Win32
		{C84F1D90-6960-470D-993B-C38F3D6054D9}.Release|x86.Build.0 = Release|Win32
		{3C7AD3EE-7DDB-417B-9522-E961D2EC2E8B}.Debug|x64.ActiveCfg = Debug|x64
		{3C7AD3EE-7DDB-417B-9522-E961D2EC2E8B}.Debug|x64.Build.0 = Debug|x64
		{3C7AD3EE-7DDB-417B-9522-E961D2EC2E8B}.Debug|x86.ActiveCfg = Debug|Win32
		{3C7AD3EE-7DDB-417B-9522-E961D2EC2E8B}.Debug|x86.Build.0 = Debug|Win32
		{3C7AD3EE-7DDB-417B-9522-E961D2EC2E8B}.Release|x64.ActiveCfg = Release|x64
		{3C7AD3EE-7DDB-417B-9522-E961D2EC2E8B}.Release|x64.Build.0 = Release|x64
		{3C7AD3EE-7DDB-417B-9522-E961D2EC2E8B}.Release|x86.ActiveCfg = Release|Win32
		{3C7AD3EE-7DDB-417B-9522-E961D2EC2E8B}.Release|x86.Build.0 = Release|Win32
	EndGlobalSection
	GlobalSection(SolutionProperties) = preSolution
		HideSolutionNode = FALSE
	EndGlobalSection
	GlobalSection(ExtensibilityGlobals) = postSolution
		SolutionGuid = {EBAE4A25-62E6-4AF4-BE6F-3C3B8A2CF853}
	EndGlobalSection
EndGlobal
